
Microsoft Visual Studio Solution File, Format Version 12.00
Project("{FAE04EC0-301F-11D3-BF4B-00C04F79EFBC}") = "Cocktalizer.Web", "Cocktalizer.Web\Cocktalizer.Web.csproj", "{C1C78F45-9336-4AB6-B5EB-256A353F18C4}"
EndProject
Project("{FAE04EC0-301F-11D3-BF4B-00C04F79EFBC}") = "Cocktalizer.Configuration", "Cocktalizer.Configuration\Cocktalizer.Configuration.csproj", "{1F76E232-DC09-4969-AF00-B7A29D953AD6}"
EndProject
Project("{FAE04EC0-301F-11D3-BF4B-00C04F79EFBC}") = "Cocktalizer.Database.EFCore", "Cocktalizer.Database.EFCore\Cocktalizer.Database.EFCore.csproj", "{54A817F5-2D43-47F2-AC31-4667B2AF3D50}"
EndProject
Project("{FAE04EC0-301F-11D3-BF4B-00C04F79EFBC}") = "Cocktalizer.Models", "Cocktalizer.Models\Cocktalizer.Models.csproj", "{8ED53AD3-5474-4DBA-AD9D-49CB63296F20}"
EndProject
Global
	GlobalSection(SolutionConfigurationPlatforms) = preSolution
		Debug|Any CPU = Debug|Any CPU
		Release|Any CPU = Release|Any CPU
	EndGlobalSection
	GlobalSection(ProjectConfigurationPlatforms) = postSolution
		{C1C78F45-9336-4AB6-B5EB-256A353F18C4}.Debug|Any CPU.ActiveCfg = Debug|Any CPU
		{C1C78F45-9336-4AB6-B5EB-256A353F18C4}.Debug|Any CPU.Build.0 = Debug|Any CPU
		{C1C78F45-9336-4AB6-B5EB-256A353F18C4}.Release|Any CPU.ActiveCfg = Release|Any CPU
		{C1C78F45-9336-4AB6-B5EB-256A353F18C4}.Release|Any CPU.Build.0 = Release|Any CPU
		{1F76E232-DC09-4969-AF00-B7A29D953AD6}.Debug|Any CPU.ActiveCfg = Debug|Any CPU
		{1F76E232-DC09-4969-AF00-B7A29D953AD6}.Debug|Any CPU.Build.0 = Debug|Any CPU
		{1F76E232-DC09-4969-AF00-B7A29D953AD6}.Release|Any CPU.ActiveCfg = Release|Any CPU
		{1F76E232-DC09-4969-AF00-B7A29D953AD6}.Release|Any CPU.Build.0 = Release|Any CPU
		{54A817F5-2D43-47F2-AC31-4667B2AF3D50}.Debug|Any CPU.ActiveCfg = Debug|Any CPU
		{54A817F5-2D43-47F2-AC31-4667B2AF3D50}.Debug|Any CPU.Build.0 = Debug|Any CPU
		{54A817F5-2D43-47F2-AC31-4667B2AF3D50}.Release|Any CPU.ActiveCfg = Release|Any CPU
		{54A817F5-2D43-47F2-AC31-4667B2AF3D50}.Release|Any CPU.Build.0 = Release|Any CPU
		{8ED53AD3-5474-4DBA-AD9D-49CB63296F20}.Debug|Any CPU.ActiveCfg = Debug|Any CPU
		{8ED53AD3-5474-4DBA-AD9D-49CB63296F20}.Debug|Any CPU.Build.0 = Debug|Any CPU
		{8ED53AD3-5474-4DBA-AD9D-49CB63296F20}.Release|Any CPU.ActiveCfg = Release|Any CPU
		{8ED53AD3-5474-4DBA-AD9D-49CB63296F20}.Release|Any CPU.Build.0 = Release|Any CPU
	EndGlobalSection
EndGlobal
